github.com/cenkalti/backoff/v4 v4.3.0 h1:MyRJ/UdXutAwSAT+s3wNd7MfTIcy71VQueUuFK343L8=
github.com/cenkalti/backoff/v4 v4.3.0/go.mod h1:Y3VNntkOUPxTVeUxJ/G5vcM//AlwfmyYozVcomhLiZE=
github.com/davecgh/go-spew v1.1.1 h1:vj9j/u1bqnvCEfJOwUhtlOARqs3+rkHYY13jYWTU97c=
github.com/davecgh/go-spew v1.1.1/go.mod h1:J7Y8YcW2NihsgmVo/mv3lAwl/skON4iLHjSsI+c5H38=
github.com/felixge/httpsnoop v1.0.4 h1:NFTV2Zj1bL4mc9sqWACXbQFVBBg2W3GPvqp8/ESS2Wg=
github.com/felixge/httpsnoop v1.0.4/go.mod h1:m8KPJKqk1gH5J9DgRY2ASl2lWCfGKXixSwevea8zH2U=
github.com/go-logr/logr v1.2.2/go.mod h1:jdQByPbusPIv2/zmleS9BjJVeZ6kBagPoEUsqbVz/1A=
github.com/go-logr/logr v1.4.3 h1:CjnDlHq8ikf6E492q6eKboGOC0T8CDaOvkHCIg8idEI=
github.com/go-logr/logr v1.4.3/go.mod h1:9T104GzyrTigFIr8wt5mBrctHMim0Nb2HLGrmQ40KvY=
github.com/go-logr/stdr v1.2.2 h1:hSWxHoqTgW2S2qGc0LTAI563KZ5YKYRhT3MFKZMbjag=
github.com/go-logr/stdr v1.2.2/go.mod h1:mMo/vtBO5dYbehREoey6XUKy/eSumjCCveDpRre4VKE=
github.com/google/go-cmp v0.6.0 h1:ofyhxvXcZhMsU5ulbFiLKl/XBFqE1GSq7atu8tAmTRI=
github.com/google/go-cmp v0.6.0/go.mod h1:17dUlkBOakJ0+DkrSSNjCkIjxS6bF9zb3elmeNGIjoY=
github.com/google/uuid v1.6.0 h1:NIvaJDMOsjHA8n1jAhLSgzrAzy1Hgr+hNrb57e+94F0=
github.com/google/uuid v1.6.0/go.mod h1:TIyPZe4MgqvfeYDBFedMoGGpEw/LqOeaOT+nhxU+yHo=
github.com/grpc-ecosystem/grpc-gateway/v2 v2.22.0 h1:asbCHRVmodnJTuQ3qamDwqVOIjwqUPTYmYuemVOx+Ys=
github.com/grpc-ecosystem/grpc-gateway/v2 v2.22.0/go.mod h1:ggCgvZ2r7uOoQjOyu2Y1NhHmEPPzzuhWgcza5M1Ji1I=
github.com/pmezard/go-difflib v1.0.0 h1:4DBwDE0NGyQoBHbLQYPwSUPoCMWR5BEzIk/f1lZbAQM=
github.com/pmezard/go-difflib v1.0.0/go.mod h1:iKH77koFhYxTK1pcRnkKkqfTogsbg7gZNVY4sRDYZ/4=
github.com/stretchr/testify v1.9.0 h1:HtqpIVDClZ4nwg75+f6Lvsy/wHu+3BoSGCbBAcpTsTg=
github.com/stretchr/testify v1.9.0/go.mod h1:r2ic/lqez/lEtzL7wO/rwa5dbSLXVDPFyf8C91i36aY=
go.opentelemetry.io/contrib/instrumentation/net/http/otelhttp v0.56.0 h1:UP6IpuHFkUgOQL9FFQFrZ+5LiwhhYRbi7VZSIx6Nj5s=
go.opentelemetry.io/contrib/instrumentation/net/http/otelhttp v0.56.0/go.mod h1:qxuZLtbq5QDtdeSHsS7bcf6EH6uO6jUAgk764zd3rhM=
go.opentelemetry.io/otel v1.31.0 h1:NsJcKPIW0D0H3NgzPDHmo0WW6SptzPdqg/L1zsIm2hY=
go.opentelemetry.io/otel v1.31.0/go.mod h1:O0C14Yl9FgkjqcCZAsE053C13OaddMYr/hz6clDkEJE=
go.opentelemetry.io/otel/exporters/otlp/otlplog/otlploghttp v0.7.0 h1:mMOmtYie9Fx6TSVzw4W+NTpvoaS1JWWga37oI1a/4qQ=
go.opentelemetry.io/otel/exporters/otlp/otlplog/otlploghttp v0.7.0/go.mod h1:yy7nDsMMBUkD+jeekJ36ur5f3jJIrmCwUrY67VFhNpA=
go.opentelemetry.io/otel/exporters/otlp/otlpmetric/otlpmetrichttp v1.31.0 h1:ZsXq73BERAiNuuFXYqP4MR5hBrjXfMGSO+Cx7qoOZiM=
go.opentelemetry.io/otel/exporters/otlp/otlpmetric/otlpmetrichttp v1.31.0/go.mod h1:hg1zaDMpyZJuUzjFxFsRYBoccE86tM9Uf4IqNMUxvrY=
go.opentelemetry.io/otel/exporters/otlp/otlptrace v1.31.0 h1:K0XaT3DwHAcV4nKLzcQvwAgSyisUghWoY20I7huthMk=
go.opentelemetry.io/otel/exporters/otlp/otlptrace v1.31.0/go.mod h1:B5Ki776z/MBnVha1Nzwp5arlzBbE3+1jk+pGmaP5HME=
go.opentelemetry.io/otel/exporters/otlp/otlptrace/otlptracehttp v1.31.0 h1:lUsI2TYsQw2r1IASwoROaCnjdj2cvC2+Jbxvk6nHnWU=
go.opentelemetry.io/otel/exporters/otlp/otlptrace/otlptracehttp v1.31.0/go.mod h1:2HpZxxQurfGxJlJDblybejHB6RX6pmExPNe517hREw4=
go.opentelemetry.io/otel/log v0.7.0 h1:d1abJc0b1QQZADKvfe9JqqrfmPYQCz2tUSO+0XZmuV4=
go.opentelemetry.io/otel/log v0.7.0/go.mod h1:2jf2z7uVfnzDNknKTO9G+ahcOAyWcp1fJmk/wJjULRo=
go.opentelemetry.io/otel/metric v1.31.0 h1:FSErL0ATQAmYHUIzSezZibnyVlft1ybhy4ozRPcF2fE=
go.opentelemetry.io/otel/metric v1.31.0/go.mod h1:C3dEloVbLuYoX41KpmAhOqNriGbA+qqH6PQ5E5mUfnY=
go.opentelemetry.io/otel/sdk v1.31.0 h1:xLY3abVHYZ5HSfOg3l2E5LUj2Cwva5Y7yGxnSW9H5Gk=
go.opentelemetry.io/otel/sdk v1.31.0/go.mod h1:TfRbMdhvxIIr/B2N2LQW2S5v9m3gOQ/08KsbbO5BPT0=
go.opentelemetry.io/otel/sdk/log v0.7.0 h1:dXkeI2S0MLc5g0/AwxTZv6EUEjctiH8aG14Am56NTmQ=
go.opentelemetry.io/otel/sdk/log v0.7.0/go.mod h1:oIRXpW+WD6M8BuGj5rtS0aRu/86cbDV/dAfNaZBIjYM=
go.opentelemetry.io/otel/sdk/metric v1.31.0 h1:i9hxxLJF/9kkvfHppyLL55aW7iIJz4JjxTeYusH7zMc=
go.opentelemetry.io/otel/sdk/metric v1.31.0/go.mod h1:CRInTMVvNhUKgSAMbKyTMxqOBC0zgyxzW55lZzX43Y8=
go.opentelemetry.io/otel/trace v1.31.0 h1:ffjsj1aRouKewfr85U2aGagJ46+MvodynlQ1HYdmJys=
go.opentelemetry.io/otel/trace v1.31.0/go.mod h1:TXZkRk7SM2ZQLtR6eoAWQFIHPvzQ06FJAsO1tJg480A=
go.opentelemetry.io/proto/otlp v1.3.1 h1:TrMUixzpM0yuc/znrFTP9MMRh8trP93mkCiDVeXrui0=
go.opentelemetry.io/proto/otlp v1.3.1/go.mod h1:0X1WI4de4ZsLrrJNLAQbFeLCm3T7yBkR0XqQ7niQU+8=
golang.org/x/net v0.33.0 h1:74SYHlV8BIgHIFC/LrYkOGIwL19eTYXQ5wc6TBuO36I=
golang.org/x/net v0.33.0/go.mod h1:HXLR5J+9DxmrqMwG9qjGCxZ+zKXxBru04zlTvWlWuN4=
golang.org/x/sys v0.28.0 h1:Fksou7UEQUWlKvIdsqzJmUmCX3cZuD2+P3XyyzwMhlA=
golang.org/x/sys v0.28.0/go.mod h1:/VUhepiaJMQUp4+oa/7Zr1D23ma6VTLIYjOOTFZPUcA=
golang.org/x/term v0.27.0 h1:WP60Sv1nlK1T6SupCHbXzSaN0b9wUmsPoRS9b61A23Q=
golang.org/x/term v0.27.0/go.mod h1:iMsnZpn0cago0GOrHO2+Y7u7JPn5AylBrcoWkElMTSM=
golang.org/x/text v0.21.0 h1:zyQAAkrwaneQ066sspRyJaG9VNi/YJ1NfzcGB3hZ/qo=
golang.org/x/text v0.21.0/go.mod h1:4IBbMaMmOPCJ8SecivzSH54+73PCFmPWxNTLm+vZkEQ=
google.golang.org/genproto/googleapis/api v0.0.0-20241007155032-5fefd90f89a9 h1:T6rh4haD3GVYsgEfWExoCZA2o2FmbNyKpTuAxbEFPTg=
google.golang.org/genproto/googleapis/api v0.0.0-20241007155032-5fefd90f89a9/go.mod h1:wp2WsuBYj6j8wUdo3ToZsdxxixbvQNAHqVJrTgi5E5M=
google.golang.org/genproto/googleapis/rpc v0.0.0-20241007155032-5fefd90f89a9 h1:QCqS/PdaHTSWGvupk2F/ehwHtGc0/GYkT+3GAcR1CCc=
google.golang.org/genproto/googleapis/rpc v0.0.0-20241007155032-5fefd90f89a9/go.mod h1:GX3210XPVPUjJbTUbvwI8f2IpZDMZuPJWDzDuebbviI=
google.golang.org/grpc v1.69.0-dev h1:apWegzBczine6VjRA1FpkZ9LVAvNINTqDPbiRDD4D/g=
google.golang.org/grpc v1.69.0-dev/go.mod h1:2RINgKHklVDGHlkF/BfDsmIw0xdarBnd0YM+g7Fc0Fk=
google.golang.org/protobuf v1.35.1 h1:m3LfL6/Ca+fqnjnlqQXNpFPABW1UD7mjh8KO2mKFytA=
google.golang.org/protobuf v1.35.1/go.mod h1:9fA7Ob0pmnwhb644+1+CVWFRbNajQ6iRojtC/QF5bRE=
gopkg.in/yaml.v3 v3.0.1 h1:fxVm/GzAzEWqLHuvctI91KS9hhNmmWOoWu0XTYJS7CA=
gopkg.in/yaml.v3 v3.0.1/go.mod h1:K4uyk7z7BCEPqu6E+C64Yfv1cQ7kz7rIZviUmN+EgEM=
